
Microsoft Visual Studio Solution File, Format Version 12.00
# Visual Studio Version 17
VisualStudioVersion = 17.9.34622.214
MinimumVisualStudioVersion = 10.0.40219.1
Project("{9A19103F-16F7-4668-BE54-9A1E7A4F7556}") = "TesteTecnico", "TesteTecnico.csproj", "{A025F352-6835-462A-8C96-A0AB4EEFB106}"
EndProject
Global
	GlobalSection(SolutionConfigurationPlatforms) = preSolution
		Debug|Any CPU = Debug|Any CPU
		Release|Any CPU = Release|Any CPU
	EndGlobalSection
	GlobalSection(ProjectConfigurationPlatforms) = postSolution
		{A025F352-6835-462A-8C96-A0AB4EEFB106}.Debug|Any CPU.ActiveCfg = Debug|Any CPU
		{A025F352-6835-462A-8C96-A0AB4EEFB106}.Debug|Any CPU.Build.0 = Debug|Any CPU
		{A025F352-6835-462A-8C96-A0AB4EEFB106}.Release|Any CPU.ActiveCfg = Release|Any CPU
		{A025F352-6835-462A-8C96-A0AB4EEFB106}.Release|Any CPU.Build.0 = Release|Any CPU
	EndGlobalSection
	GlobalSection(SolutionProperties) = preSolution
		HideSolutionNode = FALSE
	EndGlobalSection
	GlobalSection(ExtensibilityGlobals) = postSolution
		SolutionGuid = {8CB0AC6B-7659-4C56-AB66-0AEDC932AAE8}
	EndGlobalSection
EndGlobal
